
Microsoft Visual Studio Solution File, Format Version 12.00
# Visual Studio Version 17
VisualStudioVersion = 17.4.33110.190
MinimumVisualStudioVersion = 10.0.40219.1
Project("{FAE04EC0-301F-11D3-BF4B-00C04F79EFBC}") = "CircleKAPI", "CircleKAPI\CircleKAPI.csproj", "{89AB55DD-B3D6-4FFE-919E-056822D52010}"
EndProject
Global
	GlobalSection(SolutionConfigurationPlatforms) = preSolution
		Debug|Any CPU = Debug|Any CPU
		Release|Any CPU = Release|Any CPU
	EndGlobalSection
	GlobalSection(ProjectConfigurationPlatforms) = postSolution
		{89AB55DD-B3D6-4FFE-919E-056822D52010}.Debug|Any CPU.ActiveCfg = Debug|Any CPU
		{89AB55DD-B3D6-4FFE-919E-056822D52010}.Debug|Any CPU.Build.0 = Debug|Any CPU
		{89AB55DD-B3D6-4FFE-919E-056822D52010}.Release|Any CPU.ActiveCfg = Release|Any CPU
		{89AB55DD-B3D6-4FFE-919E-056822D52010}.Release|Any CPU.Build.0 = Release|Any CPU
	EndGlobalSection
	GlobalSection(SolutionProperties) = preSolution
		HideSolutionNode = FALSE
	EndGlobalSection
	GlobalSection(ExtensibilityGlobals) = postSolution
		SolutionGuid = {C46B11A4-E4E8-449F-913B-AD8888ED595A}
	EndGlobalSection
EndGlobal
